{
  "nodes": {
    "home-manager": {
      "inputs": {
        "nixpkgs": [
          "nixpkgs"
        ]
      },
      "locked": {
        "lastModified": 1691143977,
        "narHash": "sha256-zXHmmghQdDLecVxFedRxSny4FtVH9lig1/BKObsHwfg=",
        "owner": "nix-community",
        "repo": "home-manager",
        "rev": "15043a65915bcc16ad207d65b202659e4988066b",
        "type": "github"
      },
      "original": {
        "owner": "nix-community",
        "repo": "home-manager",
        "type": "github"
      }
    },
    "nixpkgs": {
      "locked": {
        "lastModified": 1691188534,
        "narHash": "sha256-oXjS9GrZar+sB8j2KYzWw3dW62jYFhnjOsnO5+D+B3s=",
        "owner": "nixos",
        "repo": "nixpkgs",
        "rev": "5767e7b931f2e6ee7f582d564b8665095c059f3b",
        "type": "github"
      },
      "original": {
        "owner": "nixos",
        "ref": "nixpkgs-unstable",
        "repo": "nixpkgs",
        "type": "github"
      }
    },
    "root": {
      "inputs": {
        "home-manager": "home-manager",
        "nixpkgs": "nixpkgs"
      }
    }
  },
  "root": "root",
  "version": 7
}
